
Microsoft Visual Studio Solution File, Format Version 12.00
# Visual Studio Version 16
VisualStudioVersion = 16.0.33214.272
MinimumVisualStudioVersion = 10.0.40219.1
Project("{F184B08F-C81C-45F6-A57F-5ABD9991F28F}") = "WeeklyAssignment5", "WeeklyAssignment5.vbproj", "{5C229EA0-86BD-4CDF-87BA-6320FC7A7FDA}"
EndProject
Global
	GlobalSection(SolutionConfigurationPlatforms) = preSolution
		Debug|Any CPU = Debug|Any CPU
		Release|Any CPU = Release|Any CPU
	EndGlobalSection
	GlobalSection(ProjectConfigurationPlatforms) = postSolution
		{5C229EA0-86BD-4CDF-87BA-6320FC7A7FDA}.Debug|Any CPU.ActiveCfg = Debug|Any CPU
		{5C229EA0-86BD-4CDF-87BA-6320FC7A7FDA}.Debug|Any CPU.Build.0 = Debug|Any CPU
		{5C229EA0-86BD-4CDF-87BA-6320FC7A7FDA}.Release|Any CPU.ActiveCfg = Release|Any CPU
		{5C229EA0-86BD-4CDF-87BA-6320FC7A7FDA}.Release|Any CPU.Build.0 = Release|Any CPU
	EndGlobalSection
	GlobalSection(SolutionProperties) = preSolution
		HideSolutionNode = FALSE
	EndGlobalSection
	GlobalSection(ExtensibilityGlobals) = postSolution
		SolutionGuid = {C5A61FBA-A5E4-496C-90FC-A90B3B258BB4}
	EndGlobalSection
EndGlobal
